# This file is automatically @generated by Cargo.
# It is not intended for manual editing.
[[package]]
name = "bytes"
version = "0.5.4"
source = "registry+https://github.com/rust-lang/crates.io-index"
checksum = "130aac562c0dd69c56b3b1cc8ffd2e17be31d0b6c25b61c96b76231aa23e39e1"

[[package]]
name = "external"
version = "0.1.0"
dependencies = [
 "bytes",
 "transitive",
]

[[package]]
name = "inactive"
version = "0.1.0"
dependencies = [
 "transitive",
]

[[package]]
name = "internal"
version = "0.1.0"
dependencies = [
 "bytes",
 "external",
 "internal-macro",
 "lazy_static",
 "x86-active",
]

[[package]]
name = "internal-macro"
version = "0.1.0"
dependencies = [
 "external",
]

[[package]]
name = "lazy_static"
version = "1.4.0"
source = "registry+https://github.com/rust-lang/crates.io-index"
checksum = "e2abad23fbc42b3700f2f279844dc832adb2b2eb069b2df918f455c4e18cc646"
dependencies = [
 "spin",
]

[[package]]
name = "main"
version = "0.1.0"
dependencies = [
 "external",
 "inactive",
 "internal",
 "internal-macro",
]

[[package]]
name = "side"
version = "0.1.0"
dependencies = [
 "external",
]

[[package]]
name = "spin"
version = "0.5.2"
source = "registry+https://github.com/rust-lang/crates.io-index"
checksum = "6e63cff320ae2c57904679ba7cb63280a3dc4613885beafb148ee7bf9aa9042d"

[[package]]
name = "transitive"
version = "0.1.0"

[[package]]
name = "x86-active"
version = "0.1.0"
dependencies = [
 "transitive",
]
